{
  "name": "@maxintel/core/cli",
  "lockfileVersion": 3,
  "requires": true,
  "packages": {
    "": {
      "name": "@maxintel/core/cli",
      "dependencies": {
        "@opentui/core": "^0.4.3",
        "@opentui/react": "^0.4.3",
        "react": "^19.2.6"
      },
      "devDependencies": {
        "@types/bun": "latest",
        "@types/react": "^19.2.17"
      },
      "peerDependencies": {
        "typescript": "^5"
      }
    },
    "node_modules/@opentui/core": {
      "version": "0.4.3",
      "license": "MIT",
      "dependencies": {
        "bun-ffi-structs": "0.2.4",
        "diff": "9.0.0",
        "marked": "17.0.1",
        "string-width": "7.2.0",
        "strip-ansi": "7.1.2"
      },
      "optionalDependencies": {
        "@opentui/core-darwin-arm64": "0.4.3",
        "@opentui/core-darwin-x64": "0.4.3",
        "@opentui/core-linux-arm64": "0.4.3",
        "@opentui/core-linux-arm64-musl": "0.4.3",
        "@opentui/core-linux-x64": "0.4.3",
        "@opentui/core-linux-x64-musl": "0.4.3",
        "@opentui/core-win32-arm64": "0.4.3",
        "@opentui/core-win32-x64": "0.4.3"
      },
      "peerDependencies": {
        "web-tree-sitter": "0.25.10"
      }
    },
    "node_modules/@opentui/core-win32-x64": {
      "version": "0.4.3",
      "cpu": [
        "x64"
      ],
      "license": "MIT",
      "optional": true,
      "os": [
        "win32"
      ]
    },
    "node_modules/@opentui/react": {
      "version": "0.4.3",
      "license": "MIT",
      "dependencies": {
        "@opentui/core": "0.4.3",
        "react-reconciler": "^0.33.0"
      },
      "peerDependencies": {
        "react": ">=19.2.0",
        "react-devtools-core": "^7.0.1",
        "ws": "^8.18.0"
      }
    },
    "node_modules/@types/bun": {
      "version": "1.3.14",
      "resolved": "https://registry.npmjs.org/@types/bun/-/bun-1.3.14.tgz",
      "integrity": "sha512-h1hFqFVcvAvD9j9K7ZW7vd82aSA+rTdznZa+5bwvCwqSB1jmmfLcbIWhOLx1/+boy/xmjgCs/OMUL8hRJSmnPw==",
      "dev": true,
      "license": "MIT",
      "dependencies": {
        "bun-types": "1.3.14"
      }
    },
    "node_modules/@types/node": {
      "version": "25.7.0",
      "dev": true,
      "license": "MIT",
      "dependencies": {
        "undici-types": "~7.21.0"
      }
    },
    "node_modules/@types/react": {
      "version": "19.2.17",
      "resolved": "https://registry.npmjs.org/@types/react/-/react-19.2.17.tgz",
      "integrity": "sha512-MXfmqaVPEVgkBT/aY0aGCkRWWtByiYQXo3xdQ8r5RzuFrPiRn8Gar2tQdXSUQ2GKV3bkXckek89V8wQBY2Q/Aw==",
      "dev": true,
      "license": "MIT",
      "dependencies": {
        "csstype": "^3.2.2"
      }
    },
    "node_modules/ansi-regex": {
      "version": "6.2.2",
      "license": "MIT",
      "engines": {
        "node": ">=12"
      },
      "funding": {
        "url": "https://github.com/chalk/ansi-regex?sponsor=1"
      }
    },
    "node_modules/bun-ffi-structs": {
      "version": "0.2.4",
      "license": "MIT",
      "peerDependencies": {
        "typescript": "^5"
      }
    },
    "node_modules/bun-types": {
      "version": "1.3.14",
      "dev": true,
      "license": "MIT",
      "dependencies": {
        "@types/node": "*"
      }
    },
    "node_modules/csstype": {
      "version": "3.2.3",
      "resolved": "https://registry.npmjs.org/csstype/-/csstype-3.2.3.tgz",
      "integrity": "sha512-z1HGKcYy2xA8AGQfwrn0PAy+PB7X/GSj3UVJW9qKyn43xWa+gl5nXmU4qqLMRzWVLFC8KusUX8T/0kCiOYpAIQ==",
      "dev": true,
      "license": "MIT"
    },
    "node_modules/diff": {
      "version": "9.0.0",
      "license": "BSD-3-Clause",
      "engines": {
        "node": ">=0.3.1"
      }
    },
    "node_modules/emoji-regex": {
      "version": "10.6.0",
      "license": "MIT"
    },
    "node_modules/get-east-asian-width": {
      "version": "1.6.0",
      "license": "MIT",
      "engines": {
        "node": ">=18"
      },
      "funding": {
        "url": "https://github.com/sponsors/sindresorhus"
      }
    },
    "node_modules/marked": {
      "version": "17.0.1",
      "license": "MIT",
      "bin": {
        "marked": "bin/marked.js"
      },
      "engines": {
        "node": ">= 20"
      }
    },
    "node_modules/react": {
      "version": "19.2.6",
      "license": "MIT",
      "engines": {
        "node": ">=0.10.0"
      }
    },
    "node_modules/react-reconciler": {
      "version": "0.33.0",
      "license": "MIT",
      "dependencies": {
        "scheduler": "^0.27.0"
      },
      "engines": {
        "node": ">=0.10.0"
      },
      "peerDependencies": {
        "react": "^19.2.0"
      }
    },
    "node_modules/scheduler": {
      "version": "0.27.0",
      "license": "MIT"
    },
    "node_modules/string-width": {
      "version": "7.2.0",
      "license": "MIT",
      "dependencies": {
        "emoji-regex": "^10.3.0",
        "get-east-asian-width": "^1.0.0",
        "strip-ansi": "^7.1.0"
      },
      "engines": {
        "node": ">=18"
      },
      "funding": {
        "url": "https://github.com/sponsors/sindresorhus"
      }
    },
    "node_modules/strip-ansi": {
      "version": "7.1.2",
      "license": "MIT",
      "dependencies": {
        "ansi-regex": "^6.0.1"
      },
      "engines": {
        "node": ">=12"
      },
      "funding": {
        "url": "https://github.com/chalk/strip-ansi?sponsor=1"
      }
    },
    "node_modules/undici-types": {
      "version": "7.21.0",
      "dev": true,
      "license": "MIT"
    }
  }
}
